// !$*UTF8*$!
{
	archiveVersion = 1;
	classes = {
	};
	objectVersion = 50;
	objects = {

/* Begin PBXBuildFile section */
		27E97CEE32F8FDFA438B843E /* Pods_Reciplease.framework in Frameworks */ = {isa = PBXBuildFile; fileRef = E2A88E2761C279A0A199A5B3 /* Pods_Reciplease.framework */; };
		2ED4495F9C6A58888522ED86 /* Pods_RecipleaseTests.framework in Frameworks */ = {isa = PBXBuildFile; fileRef = C7060DBBF7D219230F591D8A /* Pods_RecipleaseTests.framework */; };
		6205F8C0221189210077727E /* Recipe.swift in Sources */ = {isa = PBXBuildFile; fileRef = 6205F8BF221189210077727E /* Recipe.swift */; };
		6230DBBC2225A75000266B89 /* FavoriteRecipe.swift in Sources */ = {isa = PBXBuildFile; fileRef = 6230DBBB2225A75000266B89 /* FavoriteRecipe.swift */; };
		6235294D222D882800D073AB /* YummlyRecipeDetailApiResponse.swift in Sources */ = {isa = PBXBuildFile; fileRef = 6235294C222D882800D073AB /* YummlyRecipeDetailApiResponse.swift */; };
		623E52A12229811300BD16F9 /* DissmissFavoriteRecipeDetailButton.swift in Sources */ = {isa = PBXBuildFile; fileRef = 623E52A02229811300BD16F9 /* DissmissFavoriteRecipeDetailButton.swift */; };
		624C0BCC2213196300A29616 /* ExtensionAlertController.swift in Sources */ = {isa = PBXBuildFile; fileRef = 624C0BCB2213196300A29616 /* ExtensionAlertController.swift */; };
		62629ACE220DE86200BDB4BC /* RecipeTableViewCell.swift in Sources */ = {isa = PBXBuildFile; fileRef = 62629ACD220DE86200BDB4BC /* RecipeTableViewCell.swift */; };
		627F6839221EB54600F9B608 /* FavoriteRecipeTableViewCell.swift in Sources */ = {isa = PBXBuildFile; fileRef = 627F6838221EB54600F9B608 /* FavoriteRecipeTableViewCell.swift */; };
		6282E29622030BB200E458E6 /* AppDelegate.swift in Sources */ = {isa = PBXBuildFile; fileRef = 6282E29522030BB200E458E6 /* AppDelegate.swift */; };
		6282E29B22030BB200E458E6 /* Main.storyboard in Resources */ = {isa = PBXBuildFile; fileRef = 6282E29922030BB200E458E6 /* Main.storyboard */; };
		6282E29E22030BB200E458E6 /* Reciplease.xcdatamodeld in Sources */ = {isa = PBXBuildFile; fileRef = 6282E29C22030BB200E458E6 /* Reciplease.xcdatamodeld */; };
		6282E2A022030BB200E458E6 /* Assets.xcassets in Resources */ = {isa = PBXBuildFile; fileRef = 6282E29F22030BB200E458E6 /* Assets.xcassets */; };
		6282E2A322030BB200E458E6 /* LaunchScreen.storyboard in Resources */ = {isa = PBXBuildFile; fileRef = 6282E2A122030BB200E458E6 /* LaunchScreen.storyboard */; };
		6282E2AE22030BB300E458E6 /* RecipleaseTests.swift in Sources */ = {isa = PBXBuildFile; fileRef = 6282E2AD22030BB300E458E6 /* RecipleaseTests.swift */; };
		6282E2BD2203163D00E458E6 /* Default-568h@2x.png in Resources */ = {isa = PBXBuildFile; fileRef = 6282E2BC2203163D00E458E6 /* Default-568h@2x.png */; };
		6282E2BF22031AC800E458E6 /* AddIngredientsViewController.swift in Sources */ = {isa = PBXBuildFile; fileRef = 6282E2BE22031AC800E458E6 /* AddIngredientsViewController.swift */; };
		62911C9B2215CEBA005ACEDC /* YummlyRecipeApiResponse.swift in Sources */ = {isa = PBXBuildFile; fileRef = 62911C9A2215CEBA005ACEDC /* YummlyRecipeApiResponse.swift */; };
		629EDCBF2205D51600F0366A /* RecipesService.swift in Sources */ = {isa = PBXBuildFile; fileRef = 629EDCBE2205D51600F0366A /* RecipesService.swift */; };
		62AED60522293FF800422F99 /* RecipeDetailViewController.swift in Sources */ = {isa = PBXBuildFile; fileRef = 62AED60422293FF800422F99 /* RecipeDetailViewController.swift */; };
		62AED6072229408900422F99 /* FavoriteRecipeDetailViewController.swift in Sources */ = {isa = PBXBuildFile; fileRef = 62AED6062229408900422F99 /* FavoriteRecipeDetailViewController.swift */; };
		62AED60B222943BC00422F99 /* DissmissRecipeDetailButton.swift in Sources */ = {isa = PBXBuildFile; fileRef = 62AED60A222943BC00422F99 /* DissmissRecipeDetailButton.swift */; };
		62EA7B44220B53F700403E60 /* IngredientsSetting.swift in Sources */ = {isa = PBXBuildFile; fileRef = 62EA7B43220B53F700403E60 /* IngredientsSetting.swift */; };
		62EC9ED12204492E00004716 /* ListRecipesViewController.swift in Sources */ = {isa = PBXBuildFile; fileRef = 62EC9ED02204492E00004716 /* ListRecipesViewController.swift */; };
		62EC9ED322044DB000004716 /* RecipeViewController.swift in Sources */ = {isa = PBXBuildFile; fileRef = 62EC9ED222044DB000004716 /* RecipeViewController.swift */; };
		62EC9ED522045D0900004716 /* ListFavoritesRecipesViewController.swift in Sources */ = {isa = PBXBuildFile; fileRef = 62EC9ED422045D0900004716 /* ListFavoritesRecipesViewController.swift */; };
		62EC9ED722045D4200004716 /* FavoriteRecipeViewController.swift in Sources */ = {isa = PBXBuildFile; fileRef = 62EC9ED622045D4200004716 /* FavoriteRecipeViewController.swift */; };
		62F5B27B2225450C00829E66 /* RecipeDetailButton.swift in Sources */ = {isa = PBXBuildFile; fileRef = 62F5B27A2225450C00829E66 /* RecipeDetailButton.swift */; };
		62F5B27D2225470400829E66 /* UnwindAddIngredientsButton.swift in Sources */ = {isa = PBXBuildFile; fileRef = 62F5B27C2225470400829E66 /* UnwindAddIngredientsButton.swift */; };
		62F5B27F222547AD00829E66 /* FavoriteRecipeDetailButton.swift in Sources */ = {isa = PBXBuildFile; fileRef = 62F5B27E222547AD00829E66 /* FavoriteRecipeDetailButton.swift */; };
		62F5B2812225488100829E66 /* DissmissButton.swift in Sources */ = {isa = PBXBuildFile; fileRef = 62F5B2802225488100829E66 /* DissmissButton.swift */; };
/* End PBXBuildFile section */

/* Begin PBXContainerItemProxy section */
		6282E2AA22030BB300E458E6 /* PBXContainerItemProxy */ = {
			isa = PBXContainerItemProxy;
			containerPortal = 6282E28A22030BB100E458E6 /* Project object */;
			proxyType = 1;
			remoteGlobalIDString = 6282E29122030BB200E458E6;
			remoteInfo = Reciplease;
		};
/* End PBXContainerItemProxy section */

/* Begin PBXFileReference section */
		3A63161FF483C502465D6AD1 /* Pods-RecipleaseTests.debug.xcconfig */ = {isa = PBXFileReference; includeInIndex = 1; lastKnownFileType = text.xcconfig; name = "Pods-RecipleaseTests.debug.xcconfig"; path = "Pods/Target Support Files/Pods-RecipleaseTests/Pods-RecipleaseTests.debug.xcconfig"; sourceTree = "<group>"; };
		6205F8BF221189210077727E /* Recipe.swift */ = {isa = PBXFileReference; lastKnownFileType = sourcecode.swift; path = Recipe.swift; sourceTree = "<group>"; };
		6230DBBB2225A75000266B89 /* FavoriteRecipe.swift */ = {isa = PBXFileReference; lastKnownFileType = sourcecode.swift; path = FavoriteRecipe.swift; sourceTree = "<group>"; };
		6235294C222D882800D073AB /* YummlyRecipeDetailApiResponse.swift */ = {isa = PBXFileReference; lastKnownFileType = sourcecode.swift; path = YummlyRecipeDetailApiResponse.swift; sourceTree = "<group>"; };
		623E52A02229811300BD16F9 /* DissmissFavoriteRecipeDetailButton.swift */ = {isa = PBXFileReference; lastKnownFileType = sourcecode.swift; path = DissmissFavoriteRecipeDetailButton.swift; sourceTree = "<group>"; };
		624C0BCB2213196300A29616 /* ExtensionAlertController.swift */ = {isa = PBXFileReference; lastKnownFileType = sourcecode.swift; path = ExtensionAlertController.swift; sourceTree = "<group>"; };
		62629ACD220DE86200BDB4BC /* RecipeTableViewCell.swift */ = {isa = PBXFileReference; lastKnownFileType = sourcecode.swift; path = RecipeTableViewCell.swift; sourceTree = "<group>"; };
		627F6838221EB54600F9B608 /* FavoriteRecipeTableViewCell.swift */ = {isa = PBXFileReference; lastKnownFileType = sourcecode.swift; path = FavoriteRecipeTableViewCell.swift; sourceTree = "<group>"; };
		6282E29222030BB200E458E6 /* Reciplease.app */ = {isa = PBXFileReference; explicitFileType = wrapper.application; includeInIndex = 0; path = Reciplease.app; sourceTree = BUILT_PRODUCTS_DIR; };
		6282E29522030BB200E458E6 /* AppDelegate.swift */ = {isa = PBXFileReference; lastKnownFileType = sourcecode.swift; path = AppDelegate.swift; sourceTree = "<group>"; };
		6282E29A22030BB200E458E6 /* Base */ = {isa = PBXFileReference; lastKnownFileType = file.storyboard; name = Base; path = Base.lproj/Main.storyboard; sourceTree = "<group>"; };
		6282E29D22030BB200E458E6 /* Reciplease.xcdatamodel */ = {isa = PBXFileReference; lastKnownFileType = wrapper.xcdatamodel; path = Reciplease.xcdatamodel; sourceTree = "<group>"; };
		6282E29F22030BB200E458E6 /* Assets.xcassets */ = {isa = PBXFileReference; lastKnownFileType = folder.assetcatalog; path = Assets.xcassets; sourceTree = "<group>"; };
		6282E2A222030BB200E458E6 /* Base */ = {isa = PBXFileReference; lastKnownFileType = file.storyboard; name = Base; path = Base.lproj/LaunchScreen.storyboard; sourceTree = "<group>"; };
		6282E2A422030BB200E458E6 /* Info.plist */ = {isa = PBXFileReference; lastKnownFileType = text.plist.xml; path = Info.plist; sourceTree = "<group>"; };
		6282E2A922030BB300E458E6 /* RecipleaseTests.xctest */ = {isa = PBXFileReference; explicitFileType = wrapper.cfbundle; includeInIndex = 0; path = RecipleaseTests.xctest; sourceTree = BUILT_PRODUCTS_DIR; };
		6282E2AD22030BB300E458E6 /* RecipleaseTests.swift */ = {isa = PBXFileReference; lastKnownFileType = sourcecode.swift; path = RecipleaseTests.swift; sourceTree = "<group>"; };
		6282E2AF22030BB300E458E6 /* Info.plist */ = {isa = PBXFileReference; lastKnownFileType = text.plist.xml; path = Info.plist; sourceTree = "<group>"; };
		6282E2BC2203163D00E458E6 /* Default-568h@2x.png */ = {isa = PBXFileReference; lastKnownFileType = image.png; path = "Default-568h@2x.png"; sourceTree = "<group>"; };
		6282E2BE22031AC800E458E6 /* AddIngredientsViewController.swift */ = {isa = PBXFileReference; lastKnownFileType = sourcecode.swift; path = AddIngredientsViewController.swift; sourceTree = "<group>"; };
		62911C9A2215CEBA005ACEDC /* YummlyRecipeApiResponse.swift */ = {isa = PBXFileReference; lastKnownFileType = sourcecode.swift; path = YummlyRecipeApiResponse.swift; sourceTree = "<group>"; };
		629EDCBE2205D51600F0366A /* RecipesService.swift */ = {isa = PBXFileReference; lastKnownFileType = sourcecode.swift; path = RecipesService.swift; sourceTree = "<group>"; };
		62AED60422293FF800422F99 /* RecipeDetailViewController.swift */ = {isa = PBXFileReference; lastKnownFileType = sourcecode.swift; path = RecipeDetailViewController.swift; sourceTree = "<group>"; };
		62AED6062229408900422F99 /* FavoriteRecipeDetailViewController.swift */ = {isa = PBXFileReference; lastKnownFileType = sourcecode.swift; path = FavoriteRecipeDetailViewController.swift; sourceTree = "<group>"; };
		62AED60A222943BC00422F99 /* DissmissRecipeDetailButton.swift */ = {isa = PBXFileReference; lastKnownFileType = sourcecode.swift; path = DissmissRecipeDetailButton.swift; sourceTree = "<group>"; };
		62EA7B43220B53F700403E60 /* IngredientsSetting.swift */ = {isa = PBXFileReference; lastKnownFileType = sourcecode.swift; path = IngredientsSetting.swift; sourceTree = "<group>"; };
		62EC9ED02204492E00004716 /* ListRecipesViewController.swift */ = {isa = PBXFileReference; lastKnownFileType = sourcecode.swift; path = ListRecipesViewController.swift; sourceTree = "<group>"; };
		62EC9ED222044DB000004716 /* RecipeViewController.swift */ = {isa = PBXFileReference; lastKnownFileType = sourcecode.swift; path = RecipeViewController.swift; sourceTree = "<group>"; };
		62EC9ED422045D0900004716 /* ListFavoritesRecipesViewController.swift */ = {isa = PBXFileReference; lastKnownFileType = sourcecode.swift; path = ListFavoritesRecipesViewController.swift; sourceTree = "<group>"; };
		62EC9ED622045D4200004716 /* FavoriteRecipeViewController.swift */ = {isa = PBXFileReference; lastKnownFileType = sourcecode.swift; path = FavoriteRecipeViewController.swift; sourceTree = "<group>"; };
		62F5B27A2225450C00829E66 /* RecipeDetailButton.swift */ = {isa = PBXFileReference; lastKnownFileType = sourcecode.swift; path = RecipeDetailButton.swift; sourceTree = "<group>"; };
		62F5B27C2225470400829E66 /* UnwindAddIngredientsButton.swift */ = {isa = PBXFileReference; lastKnownFileType = sourcecode.swift; path = UnwindAddIngredientsButton.swift; sourceTree = "<group>"; };
		62F5B27E222547AD00829E66 /* FavoriteRecipeDetailButton.swift */ = {isa = PBXFileReference; lastKnownFileType = sourcecode.swift; path = FavoriteRecipeDetailButton.swift; sourceTree = "<group>"; };
		62F5B2802225488100829E66 /* DissmissButton.swift */ = {isa = PBXFileReference; lastKnownFileType = sourcecode.swift; path = DissmissButton.swift; sourceTree = "<group>"; };
		802110F5AB2A037B37A20476 /* Pods-Reciplease.release.xcconfig */ = {isa = PBXFileReference; includeInIndex = 1; lastKnownFileType = text.xcconfig; name = "Pods-Reciplease.release.xcconfig"; path = "Pods/Target Support Files/Pods-Reciplease/Pods-Reciplease.release.xcconfig"; sourceTree = "<group>"; };
		A44464B13C7A392D43CE17A4 /* Pods-Reciplease.debug.xcconfig */ = {isa = PBXFileReference; includeInIndex = 1; lastKnownFileType = text.xcconfig; name = "Pods-Reciplease.debug.xcconfig"; path = "Pods/Target Support Files/Pods-Reciplease/Pods-Reciplease.debug.xcconfig"; sourceTree = "<group>"; };
		C7060DBBF7D219230F591D8A /* Pods_RecipleaseTests.framework */ = {isa = PBXFileReference; explicitFileType = wrapper.framework; includeInIndex = 0; path = Pods_RecipleaseTests.framework; sourceTree = BUILT_PRODUCTS_DIR; };
		E2A88E2761C279A0A199A5B3 /* Pods_Reciplease.framework */ = {isa = PBXFileReference; explicitFileType = wrapper.framework; includeInIndex = 0; path = Pods_Reciplease.framework; sourceTree = BUILT_PRODUCTS_DIR; };
		EB1366BF3DA1B2E452B7EE1C /* Pods-RecipleaseTests.release.xcconfig */ = {isa = PBXFileReference; includeInIndex = 1; lastKnownFileType = text.xcconfig; name = "Pods-RecipleaseTests.release.xcconfig"; path = "Pods/Target Support Files/Pods-RecipleaseTests/Pods-RecipleaseTests.release.xcconfig"; sourceTree = "<group>"; };
/* End PBXFileReference section */

/* Begin PBXFrameworksBuildPhase section */
		6282E28F22030BB200E458E6 /* Frameworks */ = {
			isa = PBXFrameworksBuildPhase;
			buildActionMask = 2147483647;
			files = (
				27E97CEE32F8FDFA438B843E /* Pods_Reciplease.framework in Frameworks */,
			);
			runOnlyForDeploymentPostprocessing = 0;
		};
		6282E2A622030BB300E458E6 /* Frameworks */ = {
			isa = PBXFrameworksBuildPhase;
			buildActionMask = 2147483647;
			files = (
				2ED4495F9C6A58888522ED86 /* Pods_RecipleaseTests.framework in Frameworks */,
			);
			runOnlyForDeploymentPostprocessing = 0;
		};
/* End PBXFrameworksBuildPhase section */

/* Begin PBXGroup section */
		37363E0DFF123E8F8493D63E /* Pods */ = {
			isa = PBXGroup;
			children = (
				A44464B13C7A392D43CE17A4 /* Pods-Reciplease.debug.xcconfig */,
				802110F5AB2A037B37A20476 /* Pods-Reciplease.release.xcconfig */,
				3A63161FF483C502465D6AD1 /* Pods-RecipleaseTests.debug.xcconfig */,
				EB1366BF3DA1B2E452B7EE1C /* Pods-RecipleaseTests.release.xcconfig */,
			);
			name = Pods;
			sourceTree = "<group>";
		};
		3818C335514C80CCADEB8D7C /* Frameworks */ = {
			isa = PBXGroup;
			children = (
				E2A88E2761C279A0A199A5B3 /* Pods_Reciplease.framework */,
				C7060DBBF7D219230F591D8A /* Pods_RecipleaseTests.framework */,
			);
			name = Frameworks;
			sourceTree = "<group>";
		};
		624DD3C6220C8BC50035EF07 /* Extensions */ = {
			isa = PBXGroup;
			children = (
				624C0BCB2213196300A29616 /* ExtensionAlertController.swift */,
			);
			path = Extensions;
			sourceTree = "<group>";
		};
		6282E28922030BB100E458E6 = {
			isa = PBXGroup;
			children = (
				6282E29422030BB200E458E6 /* Reciplease */,
				6282E2AC22030BB300E458E6 /* RecipleaseTests */,
				6282E29322030BB200E458E6 /* Products */,
				37363E0DFF123E8F8493D63E /* Pods */,
				3818C335514C80CCADEB8D7C /* Frameworks */,
			);
			sourceTree = "<group>";
		};
		6282E29322030BB200E458E6 /* Products */ = {
			isa = PBXGroup;
			children = (
				6282E29222030BB200E458E6 /* Reciplease.app */,
				6282E2A922030BB300E458E6 /* RecipleaseTests.xctest */,
			);
			name = Products;
			sourceTree = "<group>";
		};
		6282E29422030BB200E458E6 /* Reciplease */ = {
			isa = PBXGroup;
			children = (
				6282E2BB22030C2400E458E6 /* SupportingFiles */,
				624DD3C6220C8BC50035EF07 /* Extensions */,
				6282E2B822030BEB00E458E6 /* Model */,
				6282E2B922030BF800E458E6 /* Controller */,
				6282E2BA22030C0600E458E6 /* View */,
			);
			path = Reciplease;
			sourceTree = "<group>";
		};
		6282E2AC22030BB300E458E6 /* RecipleaseTests */ = {
			isa = PBXGroup;
			children = (
				6282E2AD22030BB300E458E6 /* RecipleaseTests.swift */,
				6282E2AF22030BB300E458E6 /* Info.plist */,
			);
			path = RecipleaseTests;
			sourceTree = "<group>";
		};
		6282E2B822030BEB00E458E6 /* Model */ = {
			isa = PBXGroup;
			children = (
				6282E29C22030BB200E458E6 /* Reciplease.xcdatamodeld */,
				6230DBBB2225A75000266B89 /* FavoriteRecipe.swift */,
				629EDCBE2205D51600F0366A /* RecipesService.swift */,
				62911C9A2215CEBA005ACEDC /* YummlyRecipeApiResponse.swift */,
				6235294C222D882800D073AB /* YummlyRecipeDetailApiResponse.swift */,
				62EA7B43220B53F700403E60 /* IngredientsSetting.swift */,
				6205F8BF221189210077727E /* Recipe.swift */,
			);
			path = Model;
			sourceTree = "<group>";
		};
		6282E2B922030BF800E458E6 /* Controller */ = {
			isa = PBXGroup;
			children = (
				62EC9ED8220464E300004716 /* SearchViewControllers */,
				62EC9ED92204650F00004716 /* FavoriteViewControllers */,
			);
			path = Controller;
			sourceTree = "<group>";
		};
		6282E2BA22030C0600E458E6 /* View */ = {
			isa = PBXGroup;
			children = (
				6282E2A122030BB200E458E6 /* LaunchScreen.storyboard */,
				6282E29922030BB200E458E6 /* Main.storyboard */,
				62629ACD220DE86200BDB4BC /* RecipeTableViewCell.swift */,
				627F6838221EB54600F9B608 /* FavoriteRecipeTableViewCell.swift */,
				62AED6082229422200422F99 /* RecipeButtons */,
				62AED6092229426F00422F99 /* FavoriteRecipeButtons */,
			);
			path = View;
			sourceTree = "<group>";
		};
		6282E2BB22030C2400E458E6 /* SupportingFiles */ = {
			isa = PBXGroup;
			children = (
				6282E2A422030BB200E458E6 /* Info.plist */,
				6282E2BC2203163D00E458E6 /* Default-568h@2x.png */,
				6282E29522030BB200E458E6 /* AppDelegate.swift */,
				6282E29F22030BB200E458E6 /* Assets.xcassets */,
			);
			path = SupportingFiles;
			sourceTree = "<group>";
		};
		62AED6082229422200422F99 /* RecipeButtons */ = {
			isa = PBXGroup;
			children = (
				62F5B27A2225450C00829E66 /* RecipeDetailButton.swift */,
				62F5B27C2225470400829E66 /* UnwindAddIngredientsButton.swift */,
				62AED60A222943BC00422F99 /* DissmissRecipeDetailButton.swift */,
			);
			path = RecipeButtons;
			sourceTree = "<group>";
		};
		62AED6092229426F00422F99 /* FavoriteRecipeButtons */ = {
			isa = PBXGroup;
			children = (
				62F5B27E222547AD00829E66 /* FavoriteRecipeDetailButton.swift */,
				62F5B2802225488100829E66 /* DissmissButton.swift */,
				623E52A02229811300BD16F9 /* DissmissFavoriteRecipeDetailButton.swift */,
			);
			path = FavoriteRecipeButtons;
			sourceTree = "<group>";
		};
		62EC9ED8220464E300004716 /* SearchViewControllers */ = {
			isa = PBXGroup;
			children = (
				6282E2BE22031AC800E458E6 /* AddIngredientsViewController.swift */,
				62EC9ED02204492E00004716 /* ListRecipesViewController.swift */,
				62EC9ED222044DB000004716 /* RecipeViewController.swift */,
				62AED60422293FF800422F99 /* RecipeDetailViewController.swift */,
			);
			path = SearchViewControllers;
			sourceTree = "<group>";
		};
		62EC9ED92204650F00004716 /* FavoriteViewControllers */ = {
			isa = PBXGroup;
			children = (
				62EC9ED422045D0900004716 /* ListFavoritesRecipesViewController.swift */,
				62EC9ED622045D4200004716 /* FavoriteRecipeViewController.swift */,
				62AED6062229408900422F99 /* FavoriteRecipeDetailViewController.swift */,
			);
			path = FavoriteViewControllers;
			sourceTree = "<group>";
		};
/* End PBXGroup section */

/* Begin PBXNativeTarget section */
		6282E29122030BB200E458E6 /* Reciplease */ = {
			isa = PBXNativeTarget;
			buildConfigurationList = 6282E2B222030BB300E458E6 /* Build configuration list for PBXNativeTarget "Reciplease" */;
			buildPhases = (
				38C4044A8C2C36E47319CB87 /* [CP] Check Pods Manifest.lock */,
				6282E28E22030BB200E458E6 /* Sources */,
				6282E28F22030BB200E458E6 /* Frameworks */,
				6282E29022030BB200E458E6 /* Resources */,
				08875318D924FC8C198E953E /* [CP] Embed Pods Frameworks */,
			);
			buildRules = (
			);
			dependencies = (
			);
			name = Reciplease;
			productName = Reciplease;
			productReference = 6282E29222030BB200E458E6 /* Reciplease.app */;
			productType = "com.apple.product-type.application";
		};
		6282E2A822030BB300E458E6 /* RecipleaseTests */ = {
			isa = PBXNativeTarget;
			buildConfigurationList = 6282E2B522030BB300E458E6 /* Build configuration list for PBXNativeTarget "RecipleaseTests" */;
			buildPhases = (
				1426D511A3727DC4ABCACBA9 /* [CP] Check Pods Manifest.lock */,
				6282E2A522030BB300E458E6 /* Sources */,
				6282E2A622030BB300E458E6 /* Frameworks */,
				6282E2A722030BB300E458E6 /* Resources */,
				6AA6B04E9659162E4CD1FBDC /* [CP] Embed Pods Frameworks */,
			);
			buildRules = (
			);
			dependencies = (
				6282E2AB22030BB300E458E6 /* PBXTargetDependency */,
			);
			name = RecipleaseTests;
			productName = RecipleaseTests;
			productReference = 6282E2A922030BB300E458E6 /* RecipleaseTests.xctest */;
			productType = "com.apple.product-type.bundle.unit-test";
		};
/* End PBXNativeTarget section */

/* Begin PBXProject section */
		6282E28A22030BB100E458E6 /* Project object */ = {
			isa = PBXProject;
			attributes = {
				LastSwiftUpdateCheck = 1010;
				LastUpgradeCheck = 1010;
				ORGANIZATIONNAME = OpenClassroomsFRSantolariaJF;
				TargetAttributes = {
					6282E29122030BB200E458E6 = {
						CreatedOnToolsVersion = 10.1;
					};
					6282E2A822030BB300E458E6 = {
						CreatedOnToolsVersion = 10.1;
						TestTargetID = 6282E29122030BB200E458E6;
					};
				};
			};
			buildConfigurationList = 6282E28D22030BB100E458E6 /* Build configuration list for PBXProject "Reciplease" */;
			compatibilityVersion = "Xcode 9.3";
			developmentRegion = en;
			hasScannedForEncodings = 0;
			knownRegions = (
				en,
				Base,
			);
			mainGroup = 6282E28922030BB100E458E6;
			productRefGroup = 6282E29322030BB200E458E6 /* Products */;
			projectDirPath = "";
			projectRoot = "";
			targets = (
				6282E29122030BB200E458E6 /* Reciplease */,
				6282E2A822030BB300E458E6 /* RecipleaseTests */,
			);
		};
/* End PBXProject section */

/* Begin PBXResourcesBuildPhase section */
		6282E29022030BB200E458E6 /* Resources */ = {
			isa = PBXResourcesBuildPhase;
			buildActionMask = 2147483647;
			files = (
				6282E2A322030BB200E458E6 /* LaunchScreen.storyboard in Resources */,
				6282E2BD2203163D00E458E6 /* Default-568h@2x.png in Resources */,
				6282E2A022030BB200E458E6 /* Assets.xcassets in Resources */,
				6282E29B22030BB200E458E6 /* Main.storyboard in Resources */,
			);
			runOnlyForDeploymentPostprocessing = 0;
		};
		6282E2A722030BB300E458E6 /* Resources */ = {
			isa = PBXResourcesBuildPhase;
			buildActionMask = 2147483647;
			files = (
			);
			runOnlyForDeploymentPostprocessing = 0;
		};
/* End PBXResourcesBuildPhase section */

/* Begin PBXShellScriptBuildPhase section */
		08875318D924FC8C198E953E /* [CP] Embed Pods Frameworks */ = {
			isa = PBXShellScriptBuildPhase;
			buildActionMask = 2147483647;
			files = (
			);
			inputPaths = (
				"${SRCROOT}/Pods/Target Support Files/Pods-Reciplease/Pods-Reciplease-frameworks.sh",
				"${BUILT_PRODUCTS_DIR}/Alamofire/Alamofire.framework",
			);
			name = "[CP] Embed Pods Frameworks";
			outputPaths = (
				"${TARGET_BUILD_DIR}/${FRAMEWORKS_FOLDER_PATH}/Alamofire.framework",
			);
			runOnlyForDeploymentPostprocessing = 0;
			shellPath = /bin/sh;
			shellScript = "\"${SRCROOT}/Pods/Target Support Files/Pods-Reciplease/Pods-Reciplease-frameworks.sh\"\n";
			showEnvVarsInLog = 0;
		};
		1426D511A3727DC4ABCACBA9 /* [CP] Check Pods Manifest.lock */ = {
			isa = PBXShellScriptBuildPhase;
			buildActionMask = 2147483647;
			files = (
			);
			inputPaths = (
				"${PODS_PODFILE_DIR_PATH}/Podfile.lock",
				"${PODS_ROOT}/Manifest.lock",
			);
			name = "[CP] Check Pods Manifest.lock";
			outputPaths = (
				"$(DERIVED_FILE_DIR)/Pods-RecipleaseTests-checkManifestLockResult.txt",
			);
			runOnlyForDeploymentPostprocessing = 0;
			shellPath = /bin/sh;
			shellScript = "diff \"${PODS_PODFILE_DIR_PATH}/Podfile.lock\" \"${PODS_ROOT}/Manifest.lock\" > /dev/null\nif [ $? != 0 ] ; then\n    # print error to STDERR\n    echo \"error: The sandbox is not in sync with the Podfile.lock. Run 'pod install' or update your CocoaPods installation.\" >&2\n    exit 1\nfi\n# This output is used by Xcode 'outputs' to avoid re-running this script phase.\necho \"SUCCESS\" > \"${SCRIPT_OUTPUT_FILE_0}\"\n";
			showEnvVarsInLog = 0;
		};
		38C4044A8C2C36E47319CB87 /* [CP] Check Pods Manifest.lock */ = {
			isa = PBXShellScriptBuildPhase;
			buildActionMask = 2147483647;
			files = (
			);
			inputPaths = (
				"${PODS_PODFILE_DIR_PATH}/Podfile.lock",
				"${PODS_ROOT}/Manifest.lock",
			);
			name = "[CP] Check Pods Manifest.lock";
			outputPaths = (
				"$(DERIVED_FILE_DIR)/Pods-Reciplease-checkManifestLockResult.txt",
			);
			runOnlyForDeploymentPostprocessing = 0;
			shellPath = /bin/sh;
			shellScript = "diff \"${PODS_PODFILE_DIR_PATH}/Podfile.lock\" \"${PODS_ROOT}/Manifest.lock\" > /dev/null\nif [ $? != 0 ] ; then\n    # print error to STDERR\n    echo \"error: The sandbox is not in sync with the Podfile.lock. Run 'pod install' or update your CocoaPods installation.\" >&2\n    exit 1\nfi\n# This output is used by Xcode 'outputs' to avoid re-running this script phase.\necho \"SUCCESS\" > \"${SCRIPT_OUTPUT_FILE_0}\"\n";
			showEnvVarsInLog = 0;
		};
		6AA6B04E9659162E4CD1FBDC /* [CP] Embed Pods Frameworks */ = {
			isa = PBXShellScriptBuildPhase;
			buildActionMask = 2147483647;
			files = (
			);
			inputPaths = (
				"${SRCROOT}/Pods/Target Support Files/Pods-RecipleaseTests/Pods-RecipleaseTests-frameworks.sh",
				"${BUILT_PRODUCTS_DIR}/Alamofire/Alamofire.framework",
			);
			name = "[CP] Embed Pods Frameworks";
			outputPaths = (
				"${TARGET_BUILD_DIR}/${FRAMEWORKS_FOLDER_PATH}/Alamofire.framework",
			);
			runOnlyForDeploymentPostprocessing = 0;
			shellPath = /bin/sh;
			shellScript = "\"${SRCROOT}/Pods/Target Support Files/Pods-RecipleaseTests/Pods-RecipleaseTests-frameworks.sh\"\n";
			showEnvVarsInLog = 0;
		};
/* End PBXShellScriptBuildPhase section */

/* Begin PBXSourcesBuildPhase section */
		6282E28E22030BB200E458E6 /* Sources */ = {
			isa = PBXSourcesBuildPhase;
			buildActionMask = 2147483647;
			files = (
				62AED60B222943BC00422F99 /* DissmissRecipeDetailButton.swift in Sources */,
				62EC9ED12204492E00004716 /* ListRecipesViewController.swift in Sources */,
				6282E29E22030BB200E458E6 /* Reciplease.xcdatamodeld in Sources */,
				62F5B27D2225470400829E66 /* UnwindAddIngredientsButton.swift in Sources */,
				62AED6072229408900422F99 /* FavoriteRecipeDetailViewController.swift in Sources */,
				624C0BCC2213196300A29616 /* ExtensionAlertController.swift in Sources */,
				62F5B27F222547AD00829E66 /* FavoriteRecipeDetailButton.swift in Sources */,
				62629ACE220DE86200BDB4BC /* RecipeTableViewCell.swift in Sources */,
				62F5B27B2225450C00829E66 /* RecipeDetailButton.swift in Sources */,
				6282E2BF22031AC800E458E6 /* AddIngredientsViewController.swift in Sources */,
				629EDCBF2205D51600F0366A /* RecipesService.swift in Sources */,
				62EC9ED322044DB000004716 /* RecipeViewController.swift in Sources */,
				62EC9ED522045D0900004716 /* ListFavoritesRecipesViewController.swift in Sources */,
				62911C9B2215CEBA005ACEDC /* YummlyRecipeApiResponse.swift in Sources */,
				627F6839221EB54600F9B608 /* FavoriteRecipeTableViewCell.swift in Sources */,
				6205F8C0221189210077727E /* Recipe.swift in Sources */,
				623E52A12229811300BD16F9 /* DissmissFavoriteRecipeDetailButton.swift in Sources */,
				62EC9ED722045D4200004716 /* FavoriteRecipeViewController.swift in Sources */,
				62EA7B44220B53F700403E60 /* IngredientsSetting.swift in Sources */,
				6230DBBC2225A75000266B89 /* FavoriteRecipe.swift in Sources */,
				62F5B2812225488100829E66 /* DissmissButton.swift in Sources */,
				62AED60522293FF800422F99 /* RecipeDetailViewController.swift in Sources */,
				6282E29622030BB200E458E6 /* AppDelegate.swift in Sources */,
				6235294D222D882800D073AB /* YummlyRecipeDetailApiResponse.swift in Sources */,
			);
			runOnlyForDeploymentPostprocessing = 0;
		};
		6282E2A522030BB300E458E6 /* Sources */ = {
			isa = PBXSourcesBuildPhase;
			buildActionMask = 2147483647;
			files = (
				6282E2AE22030BB300E458E6 /* RecipleaseTests.swift in Sources */,
			);
			runOnlyForDeploymentPostprocessing = 0;
		};
/* End PBXSourcesBuildPhase section */

/* Begin PBXTargetDependency section */
		6282E2AB22030BB300E458E6 /* PBXTargetDependency */ = {
			isa = PBXTargetDependency;
			target = 6282E29122030BB200E458E6 /* Reciplease */;
			targetProxy = 6282E2AA22030BB300E458E6 /* PBXContainerItemProxy */;
		};
/* End PBXTargetDependency section */

/* Begin PBXVariantGroup section */
		6282E29922030BB200E458E6 /* Main.storyboard */ = {
			isa = PBXVariantGroup;
			children = (
				6282E29A22030BB200E458E6 /* Base */,
			);
			name = Main.storyboard;
			sourceTree = "<group>";
		};
		6282E2A122030BB200E458E6 /* LaunchScreen.storyboard */ = {
			isa = PBXVariantGroup;
			children = (
				6282E2A222030BB200E458E6 /* Base */,
			);
			name = LaunchScreen.storyboard;
			sourceTree = "<group>";
		};
/* End PBXVariantGroup section */

/* Begin XCBuildConfiguration section */
		6282E2B022030BB300E458E6 /* Debug */ = {
			isa = XCBuildConfiguration;
			buildSettings = {
				ALWAYS_SEARCH_USER_PATHS = NO;
				CLANG_ANALYZER_NONNULL = YES;
				CLANG_ANALYZER_NUMBER_OBJECT_CONVERSION = YES_AGGRESSIVE;
				CLANG_CXX_LANGUAGE_STANDARD = "gnu++14";
				CLANG_CXX_LIBRARY = "libc++";
				CLANG_ENABLE_MODULES = YES;
				CLANG_ENABLE_OBJC_ARC = YES;
				CLANG_ENABLE_OBJC_WEAK = YES;
				CLANG_WARN_BLOCK_CAPTURE_AUTORELEASING = YES;
				CLANG_WARN_BOOL_CONVERSION = YES;
				CLANG_WARN_COMMA = YES;
				CLANG_WARN_CONSTANT_CONVERSION = YES;
				CLANG_WARN_DEPRECATED_OBJC_IMPLEMENTATIONS = YES;
				CLANG_WARN_DIRECT_OBJC_ISA_USAGE = YES_ERROR;
				CLANG_WARN_DOCUMENTATION_COMMENTS = YES;
				CLANG_WARN_EMPTY_BODY = YES;
				CLANG_WARN_ENUM_CONVERSION = YES;
				CLANG_WARN_INFINITE_RECURSION = YES;
				CLANG_WARN_INT_CONVERSION = YES;
				CLANG_WARN_NON_LITERAL_NULL_CONVERSION = YES;
				CLANG_WARN_OBJC_IMPLICIT_RETAIN_SELF = YES;
				CLANG_WARN_OBJC_LITERAL_CONVERSION = YES;
				CLANG_WARN_OBJC_ROOT_CLASS = YES_ERROR;
				CLANG_WARN_RANGE_LOOP_ANALYSIS = YES;
				CLANG_WARN_STRICT_PROTOTYPES = YES;
				CLANG_WARN_SUSPICIOUS_MOVE = YES;
				CLANG_WARN_UNGUARDED_AVAILABILITY = YES_AGGRESSIVE;
				CLANG_WARN_UNREACHABLE_CODE = YES;
				CLANG_WARN__DUPLICATE_METHOD_MATCH = YES;
				CODE_SIGN_IDENTITY = "iPhone Developer";
				COPY_PHASE_STRIP = NO;
				DEBUG_INFORMATION_FORMAT = dwarf;
				ENABLE_STRICT_OBJC_MSGSEND = YES;
				ENABLE_TESTABILITY = YES;
				GCC_C_LANGUAGE_STANDARD = gnu11;
				GCC_DYNAMIC_NO_PIC = NO;
				GCC_NO_COMMON_BLOCKS = YES;
				GCC_OPTIMIZATION_LEVEL = 0;
				GCC_PREPROCESSOR_DEFINITIONS = (
					"DEBUG=1",
					"$(inherited)",
				);
				GCC_WARN_64_TO_32_BIT_CONVERSION = YES;
				GCC_WARN_ABOUT_RETURN_TYPE = YES_ERROR;
				GCC_WARN_UNDECLARED_SELECTOR = YES;
				GCC_WARN_UNINITIALIZED_AUTOS = YES_AGGRESSIVE;
				GCC_WARN_UNUSED_FUNCTION = YES;
				GCC_WARN_UNUSED_VARIABLE = YES;
				IPHONEOS_DEPLOYMENT_TARGET = 11.0;
				MTL_ENABLE_DEBUG_INFO = INCLUDE_SOURCE;
				MTL_FAST_MATH = YES;
				ONLY_ACTIVE_ARCH = YES;
				SDKROOT = iphoneos;
				SWIFT_ACTIVE_COMPILATION_CONDITIONS = DEBUG;
				SWIFT_OPTIMIZATION_LEVEL = "-Onone";
			};
			name = Debug;
		};
		6282E2B122030BB300E458E6 /* Release */ = {
			isa = XCBuildConfiguration;
			buildSettings = {
				ALWAYS_SEARCH_USER_PATHS = NO;
				CLANG_ANALYZER_NONNULL = YES;
				CLANG_ANALYZER_NUMBER_OBJECT_CONVERSION = YES_AGGRESSIVE;
				CLANG_CXX_LANGUAGE_STANDARD = "gnu++14";
				CLANG_CXX_LIBRARY = "libc++";
				CLANG_ENABLE_MODULES = YES;
				CLANG_ENABLE_OBJC_ARC = YES;
				CLANG_ENABLE_OBJC_WEAK = YES;
				CLANG_WARN_BLOCK_CAPTURE_AUTORELEASING = YES;
				CLANG_WARN_BOOL_CONVERSION = YES;
				CLANG_WARN_COMMA = YES;
				CLANG_WARN_CONSTANT_CONVERSION = YES;
				CLANG_WARN_DEPRECATED_OBJC_IMPLEMENTATIONS = YES;
				CLANG_WARN_DIRECT_OBJC_ISA_USAGE = YES_ERROR;
				CLANG_WARN_DOCUMENTATION_COMMENTS = YES;
				CLANG_WARN_EMPTY_BODY = YES;
				CLANG_WARN_ENUM_CONVERSION = YES;
				CLANG_WARN_INFINITE_RECURSION = YES;
				CLANG_WARN_INT_CONVERSION = YES;
				CLANG_WARN_NON_LITERAL_NULL_CONVERSION = YES;
				CLANG_WARN_OBJC_IMPLICIT_RETAIN_SELF = YES;
				CLANG_WARN_OBJC_LITERAL_CONVERSION = YES;
				CLANG_WARN_OBJC_ROOT_CLASS = YES_ERROR;
				CLANG_WARN_RANGE_LOOP_ANALYSIS = YES;
				CLANG_WARN_STRICT_PROTOTYPES = YES;
				CLANG_WARN_SUSPICIOUS_MOVE = YES;
				CLANG_WARN_UNGUARDED_AVAILABILITY = YES_AGGRESSIVE;
				CLANG_WARN_UNREACHABLE_CODE = YES;
				CLANG_WARN__DUPLICATE_METHOD_MATCH = YES;
				CODE_SIGN_IDENTITY = "iPhone Developer";
				COPY_PHASE_STRIP = NO;
				DEBUG_INFORMATION_FORMAT = "dwarf-with-dsym";
				ENABLE_NS_ASSERTIONS = NO;
				ENABLE_STRICT_OBJC_MSGSEND = YES;
				GCC_C_LANGUAGE_STANDARD = gnu11;
				GCC_NO_COMMON_BLOCKS = YES;
				GCC_WARN_64_TO_32_BIT_CONVERSION = YES;
				GCC_WARN_ABOUT_RETURN_TYPE = YES_ERROR;
				GCC_WARN_UNDECLARED_SELECTOR = YES;
				GCC_WARN_UNINITIALIZED_AUTOS = YES_AGGRESSIVE;
				GCC_WARN_UNUSED_FUNCTION = YES;
				GCC_WARN_UNUSED_VARIABLE = YES;
				IPHONEOS_DEPLOYMENT_TARGET = 11.0;
				MTL_ENABLE_DEBUG_INFO = NO;
				MTL_FAST_MATH = YES;
				SDKROOT = iphoneos;
				SWIFT_COMPILATION_MODE = wholemodule;
				SWIFT_OPTIMIZATION_LEVEL = "-O";
				VALIDATE_PRODUCT = YES;
			};
			name = Release;
		};
		6282E2B322030BB300E458E6 /* Debug */ = {
			isa = XCBuildConfiguration;
			baseConfigurationReference = A44464B13C7A392D43CE17A4 /* Pods-Reciplease.debug.xcconfig */;
			buildSettings = {
				ASSETCATALOG_COMPILER_APPICON_NAME = AppIcon;
				CODE_SIGN_STYLE = Automatic;
				INFOPLIST_FILE = "$(SRCROOT)/Reciplease/SupportingFiles/Info.plist";
				LD_RUNPATH_SEARCH_PATHS = (
					"$(inherited)",
					"@executable_path/Frameworks",
				);
				PRODUCT_BUNDLE_IDENTIFIER = com.example.Reciplease;
				PRODUCT_NAME = "$(TARGET_NAME)";
				SWIFT_VERSION = 4.2;
				TARGETED_DEVICE_FAMILY = "1,2";
			};
			name = Debug;
		};
		6282E2B422030BB300E458E6 /* Release */ = {
			isa = XCBuildConfiguration;
			baseConfigurationReference = 802110F5AB2A037B37A20476 /* Pods-Reciplease.release.xcconfig */;
			buildSettings = {
				ASSETCATALOG_COMPILER_APPICON_NAME = AppIcon;
				CODE_SIGN_STYLE = Automatic;
				INFOPLIST_FILE = "$(SRCROOT)/Reciplease/SupportingFiles/Info.plist";
				LD_RUNPATH_SEARCH_PATHS = (
					"$(inherited)",
					"@executable_path/Frameworks",
				);
				PRODUCT_BUNDLE_IDENTIFIER = com.example.Reciplease;
				PRODUCT_NAME = "$(TARGET_NAME)";
				SWIFT_VERSION = 4.2;
				TARGETED_DEVICE_FAMILY = "1,2";
			};
			name = Release;
		};
		6282E2B622030BB300E458E6 /* Debug */ = {
			isa = XCBuildConfiguration;
			baseConfigurationReference = 3A63161FF483C502465D6AD1 /* Pods-RecipleaseTests.debug.xcconfig */;
			buildSettings = {
				ALWAYS_EMBED_SWIFT_STANDARD_LIBRARIES = YES;
				BUNDLE_LOADER = "$(TEST_HOST)";
				CODE_SIGN_STYLE = Automatic;
				INFOPLIST_FILE = RecipleaseTests/Info.plist;
				LD_RUNPATH_SEARCH_PATHS = (
					"$(inherited)",
					"@executable_path/Frameworks",
					"@loader_path/Frameworks",
				);
				PRODUCT_BUNDLE_IDENTIFIER = com.example.RecipleaseTests;
				PRODUCT_NAME = "$(TARGET_NAME)";
				SWIFT_VERSION = 4.2;
				TARGETED_DEVICE_FAMILY = "1,2";
				TEST_HOST = "$(BUILT_PRODUCTS_DIR)/Reciplease.app/Reciplease";
			};
			name = Debug;
		};
		6282E2B722030BB300E458E6 /* Release */ = {
			isa = XCBuildConfiguration;
			baseConfigurationReference = EB1366BF3DA1B2E452B7EE1C /* Pods-RecipleaseTests.release.xcconfig */;
			buildSettings = {
				ALWAYS_EMBED_SWIFT_STANDARD_LIBRARIES = YES;
				BUNDLE_LOADER = "$(TEST_HOST)";
				CODE_SIGN_STYLE = Automatic;
				INFOPLIST_FILE = RecipleaseTests/Info.plist;
				LD_RUNPATH_SEARCH_PATHS = (
					"$(inherited)",
					"@executable_path/Frameworks",
					"@loader_path/Frameworks",
				);
				PRODUCT_BUNDLE_IDENTIFIER = com.example.RecipleaseTests;
				PRODUCT_NAME = "$(TARGET_NAME)";
				SWIFT_VERSION = 4.2;
				TARGETED_DEVICE_FAMILY = "1,2";
				TEST_HOST = "$(BUILT_PRODUCTS_DIR)/Reciplease.app/Reciplease";
			};
			name = Release;
		};
/* End XCBuildConfiguration section */

/* Begin XCConfigurationList section */
		6282E28D22030BB100E458E6 /* Build configuration list for PBXProject "Reciplease" */ = {
			isa = XCConfigurationList;
			buildConfigurations = (
				6282E2B022030BB300E458E6 /* Debug */,
				6282E2B122030BB300E458E6 /* Release */,
			);
			defaultConfigurationIsVisible = 0;
			defaultConfigurationName = Release;
		};
		6282E2B222030BB300E458E6 /* Build configuration list for PBXNativeTarget "Reciplease" */ = {
			isa = XCConfigurationList;
			buildConfigurations = (
				6282E2B322030BB300E458E6 /* Debug */,
				6282E2B422030BB300E458E6 /* Release */,
			);
			defaultConfigurationIsVisible = 0;
			defaultConfigurationName = Release;
		};
		6282E2B522030BB300E458E6 /* Build configuration list for PBXNativeTarget "RecipleaseTests" */ = {
			isa = XCConfigurationList;
			buildConfigurations = (
				6282E2B622030BB300E458E6 /* Debug */,
				6282E2B722030BB300E458E6 /* Release */,
			);
			defaultConfigurationIsVisible = 0;
			defaultConfigurationName = Release;
		};
/* End XCConfigurationList section */

/* Begin XCVersionGroup section */
		6282E29C22030BB200E458E6 /* Reciplease.xcdatamodeld */ = {
			isa = XCVersionGroup;
			children = (
				6282E29D22030BB200E458E6 /* Reciplease.xcdatamodel */,
			);
			currentVersion = 6282E29D22030BB200E458E6 /* Reciplease.xcdatamodel */;
			path = Reciplease.xcdatamodeld;
			sourceTree = "<group>";
			versionGroupType = wrapper.xcdatamodel;
		};
/* End XCVersionGroup section */
	};
	rootObject = 6282E28A22030BB100E458E6 /* Project object */;
}
